
Microsoft Visual Studio Solution File, Format Version 12.00
# Visual Studio Version 17
VisualStudioVersion = 17.7.34202.233
MinimumVisualStudioVersion = 10.0.40219.1
Project("{FAE04EC0-301F-11D3-BF4B-00C04F79EFBC}") = "MagicVilla_API", "MagicVilla_API\MagicVilla_API.csproj", "{41E9305A-C2AA-4FA8-A86F-67C30ACDC85E}"
EndProject
Global
	GlobalSection(SolutionConfigurationPlatforms) = preSolution
		Debug|Any CPU = Debug|Any CPU
		Release|Any CPU = Release|Any CPU
	EndGlobalSection
	GlobalSection(ProjectConfigurationPlatforms) = postSolution
		{41E9305A-C2AA-4FA8-A86F-67C30ACDC85E}.Debug|Any CPU.ActiveCfg = Debug|Any CPU
		{41E9305A-C2AA-4FA8-A86F-67C30ACDC85E}.Debug|Any CPU.Build.0 = Debug|Any CPU
		{41E9305A-C2AA-4FA8-A86F-67C30ACDC85E}.Release|Any CPU.ActiveCfg = Release|Any CPU
		{41E9305A-C2AA-4FA8-A86F-67C30ACDC85E}.Release|Any CPU.Build.0 = Release|Any CPU
	EndGlobalSection
	GlobalSection(SolutionProperties) = preSolution
		HideSolutionNode = FALSE
	EndGlobalSection
	GlobalSection(ExtensibilityGlobals) = postSolution
		SolutionGuid = {0DF94706-C449-44EF-B96F-763659BAE39F}
	EndGlobalSection
EndGlobal
